
Microsoft Visual Studio Solution File, Format Version 12.00
Project("{FAE04EC0-301F-11D3-BF4B-00C04F79EFBC}") = "Shop.Api", "Shop.Api\Shop.Api.csproj", "{8526DBB7-0A00-4E09-A586-4FBBE93F91DD}"
EndProject
Project("{FAE04EC0-301F-11D3-BF4B-00C04F79EFBC}") = "Shop.Infrastructure", "Shop.Infrastructure\Shop.Infrastructure.csproj", "{0E68C31A-C4EB-47B0-897B-9AF115D4D081}"
EndProject
Project("{FAE04EC0-301F-11D3-BF4B-00C04F79EFBC}") = "Shop.Contracts", "Shop.Contracts\Shop.Contracts.csproj", "{16E0258D-E725-4512-A9B2-09B52F5B83B4}"
EndProject
Project("{FAE04EC0-301F-11D3-BF4B-00C04F79EFBC}") = "Shop.Application", "Shop.Application\Shop.Application.csproj", "{16ED756B-796B-414B-96BB-9CCA75E972D8}"
EndProject
Project("{FAE04EC0-301F-11D3-BF4B-00C04F79EFBC}") = "Shop.Application.Tests", "Shop.Application.Tests\Shop.Application.Tests.csproj", "{AC141B79-F11C-4695-A146-0C83117AD1C2}"
EndProject
Global
	GlobalSection(SolutionConfigurationPlatforms) = preSolution
		Debug|Any CPU = Debug|Any CPU
		Release|Any CPU = Release|Any CPU
	EndGlobalSection
	GlobalSection(ProjectConfigurationPlatforms) = postSolution
		{8526DBB7-0A00-4E09-A586-4FBBE93F91DD}.Debug|Any CPU.ActiveCfg = Debug|Any CPU
		{8526DBB7-0A00-4E09-A586-4FBBE93F91DD}.Debug|Any CPU.Build.0 = Debug|Any CPU
		{8526DBB7-0A00-4E09-A586-4FBBE93F91DD}.Release|Any CPU.ActiveCfg = Release|Any CPU
		{8526DBB7-0A00-4E09-A586-4FBBE93F91DD}.Release|Any CPU.Build.0 = Release|Any CPU
		{0E68C31A-C4EB-47B0-897B-9AF115D4D081}.Debug|Any CPU.ActiveCfg = Debug|Any CPU
		{0E68C31A-C4EB-47B0-897B-9AF115D4D081}.Debug|Any CPU.Build.0 = Debug|Any CPU
		{0E68C31A-C4EB-47B0-897B-9AF115D4D081}.Release|Any CPU.ActiveCfg = Release|Any CPU
		{0E68C31A-C4EB-47B0-897B-9AF115D4D081}.Release|Any CPU.Build.0 = Release|Any CPU
		{16E0258D-E725-4512-A9B2-09B52F5B83B4}.Debug|Any CPU.ActiveCfg = Debug|Any CPU
		{16E0258D-E725-4512-A9B2-09B52F5B83B4}.Debug|Any CPU.Build.0 = Debug|Any CPU
		{16E0258D-E725-4512-A9B2-09B52F5B83B4}.Release|Any CPU.ActiveCfg = Release|Any CPU
		{16E0258D-E725-4512-A9B2-09B52F5B83B4}.Release|Any CPU.Build.0 = Release|Any CPU
		{16ED756B-796B-414B-96BB-9CCA75E972D8}.Debug|Any CPU.ActiveCfg = Debug|Any CPU
		{16ED756B-796B-414B-96BB-9CCA75E972D8}.Debug|Any CPU.Build.0 = Debug|Any CPU
		{16ED756B-796B-414B-96BB-9CCA75E972D8}.Release|Any CPU.ActiveCfg = Release|Any CPU
		{16ED756B-796B-414B-96BB-9CCA75E972D8}.Release|Any CPU.Build.0 = Release|Any CPU
		{AC141B79-F11C-4695-A146-0C83117AD1C2}.Debug|Any CPU.ActiveCfg = Debug|Any CPU
		{AC141B79-F11C-4695-A146-0C83117AD1C2}.Debug|Any CPU.Build.0 = Debug|Any CPU
		{AC141B79-F11C-4695-A146-0C83117AD1C2}.Release|Any CPU.ActiveCfg = Release|Any CPU
		{AC141B79-F11C-4695-A146-0C83117AD1C2}.Release|Any CPU.Build.0 = Release|Any CPU
	EndGlobalSection
EndGlobal
